{
  "name": "Bilbliotherapy",
  "lockfileVersion": 3,
  "requires": true,
  "packages": {
    "": {
      "dependencies": {
        "chrome-types": "^0.1.291"
      }
    },
    "node_modules/chrome-types": {
      "version": "0.1.291",
      "resolved": "https://registry.npmjs.org/chrome-types/-/chrome-types-0.1.291.tgz",
      "integrity": "sha512-ekje3T39gTfgxItuu9vC9lj2Wf+Z20i/PR2oth9EmlLimEdJ9FDvYocPMxCoF1FAJrzZXGValhDvlqWB2KRBVg=="
    }
  }
}
